{
    "version": 3,
    "terraform_version": "0.11.11",
    "serial": 56,
    "lineage": "d43105e2-cfd2-2d4e-a2b3-fd999f4c82aa",
    "modules": [
        {
            "path": [
                "root"
            ],
            "outputs": {
                "ip NAGIOS": {
                    "sensitive": false,
                    "type": "string",
                    "value": "104.41.208.128"
                }
            },
            "resources": {
                "azurerm_network_interface.nagios_nic": {
                    "type": "azurerm_network_interface",
                    "depends_on": [
                        "azurerm_network_security_group.nagios_sg",
                        "azurerm_public_ip.nagios_publicip",
                        "azurerm_resource_group.nagios_resourcegroup",
                        "azurerm_subnet.nagios_subnet"
                    ],
                    "primary": {
                        "id": "/subscriptions/4e8c7c9a-009f-4e4c-8124-dc7f55d3f1f5/resourceGroups/nagios_ResourceGroup/providers/Microsoft.Network/networkInterfaces/nagios_NIC",
                        "attributes": {
                            "applied_dns_servers.#": "0",
                            "dns_servers.#": "0",
                            "enable_accelerated_networking": "false",
                            "enable_ip_forwarding": "false",
                            "id": "/subscriptions/4e8c7c9a-009f-4e4c-8124-dc7f55d3f1f5/resourceGroups/nagios_ResourceGroup/providers/Microsoft.Network/networkInterfaces/nagios_NIC",
                            "internal_dns_name_label": "",
                            "internal_fqdn": "",
                            "ip_configuration.#": "1",
                            "ip_configuration.0.application_gateway_backend_address_pools_ids.#": "0",
                            "ip_configuration.0.application_security_group_ids.#": "0",
                            "ip_configuration.0.load_balancer_backend_address_pools_ids.#": "0",
                            "ip_configuration.0.load_balancer_inbound_nat_rules_ids.#": "0",
                            "ip_configuration.0.name": "nagios_NICConfiguration",
                            "ip_configuration.0.primary": "true",
                            "ip_configuration.0.private_ip_address": "",
                            "ip_configuration.0.private_ip_address_allocation": "dynamic",
                            "ip_configuration.0.private_ip_address_version": "IPv4",
                            "ip_configuration.0.public_ip_address_id": "/subscriptions/4e8c7c9a-009f-4e4c-8124-dc7f55d3f1f5/resourceGroups/nagios_ResourceGroup/providers/Microsoft.Network/publicIPAddresses/nagios_PublicIP",
                            "ip_configuration.0.subnet_id": "/subscriptions/4e8c7c9a-009f-4e4c-8124-dc7f55d3f1f5/resourceGroups/nagios_ResourceGroup/providers/Microsoft.Network/virtualNetworks/nagios_vnet/subnets/nagios_subnet",
                            "location": "northeurope",
                            "mac_address": "00-0D-3A-B4-19-7C",
                            "name": "nagios_NIC",
                            "network_security_group_id": "/subscriptions/4e8c7c9a-009f-4e4c-8124-dc7f55d3f1f5/resourceGroups/nagios_ResourceGroup/providers/Microsoft.Network/networkSecurityGroups/nagios_sg",
                            "private_ip_address": "16.180.0.4",
                            "private_ip_addresses.#": "1",
                            "private_ip_addresses.0": "16.180.0.4",
                            "resource_group_name": "nagios_ResourceGroup",
                            "tags.%": "1",
                            "tags.environment": "NAGIOS",
                            "virtual_machine_id": "/subscriptions/4e8c7c9a-009f-4e4c-8124-dc7f55d3f1f5/resourceGroups/nagios_ResourceGroup/providers/Microsoft.Compute/virtualMachines/nagios"
                        },
                        "meta": {},
                        "tainted": false
                    },
                    "deposed": [],
                    "provider": "provider.azurerm"
                },
                "azurerm_network_security_group.nagios_sg": {
                    "type": "azurerm_network_security_group",
                    "depends_on": [
                        "azurerm_resource_group.nagios_resourcegroup"
                    ],
                    "primary": {
                        "id": "/subscriptions/4e8c7c9a-009f-4e4c-8124-dc7f55d3f1f5/resourceGroups/nagios_ResourceGroup/providers/Microsoft.Network/networkSecurityGroups/nagios_sg",
                        "attributes": {
                            "id": "/subscriptions/4e8c7c9a-009f-4e4c-8124-dc7f55d3f1f5/resourceGroups/nagios_ResourceGroup/providers/Microsoft.Network/networkSecurityGroups/nagios_sg",
                            "location": "northeurope",
                            "name": "nagios_sg",
                            "resource_group_name": "nagios_ResourceGroup",
                            "security_rule.#": "13",
                            "security_rule.1332892788.access": "Allow",
                            "security_rule.1332892788.description": "",
                            "security_rule.1332892788.destination_address_prefix": "*",
                            "security_rule.1332892788.destination_address_prefixes.#": "0",
                            "security_rule.1332892788.destination_application_security_group_ids.#": "0",
                            "security_rule.1332892788.destination_port_range": "5666",
                            "security_rule.1332892788.destination_port_ranges.#": "0",
                            "security_rule.1332892788.direction": "Inbound",
                            "security_rule.1332892788.name": "NSCA",
                            "security_rule.1332892788.priority": "1008",
                            "security_rule.1332892788.protocol": "Tcp",
                            "security_rule.1332892788.source_address_prefix": "137.135.209.69",
                            "security_rule.1332892788.source_address_prefixes.#": "0",
                            "security_rule.1332892788.source_application_security_group_ids.#": "0",
                            "security_rule.1332892788.source_port_range": "*",
                            "security_rule.1332892788.source_port_ranges.#": "0",
                            "security_rule.1918523622.access": "Allow",
                            "security_rule.1918523622.description": "",
                            "security_rule.1918523622.destination_address_prefix": "*",
                            "security_rule.1918523622.destination_address_prefixes.#": "0",
                            "security_rule.1918523622.destination_application_security_group_ids.#": "0",
                            "security_rule.1918523622.destination_port_range": "5666",
                            "security_rule.1918523622.destination_port_ranges.#": "0",
                            "security_rule.1918523622.direction": "Inbound",
                            "security_rule.1918523622.name": "NRPE",
                            "security_rule.1918523622.priority": "1007",
                            "security_rule.1918523622.protocol": "Tcp",
                            "security_rule.1918523622.source_address_prefix": "137.135.209.69",
                            "security_rule.1918523622.source_address_prefixes.#": "0",
                            "security_rule.1918523622.source_application_security_group_ids.#": "0",
                            "security_rule.1918523622.source_port_range": "*",
                            "security_rule.1918523622.source_port_ranges.#": "0",
                            "security_rule.1930747903.access": "Allow",
                            "security_rule.1930747903.description": "",
                            "security_rule.1930747903.destination_address_prefix": "*",
                            "security_rule.1930747903.destination_address_prefixes.#": "0",
                            "security_rule.1930747903.destination_application_security_group_ids.#": "0",
                            "security_rule.1930747903.destination_port_range": "5693",
                            "security_rule.1930747903.destination_port_ranges.#": "0",
                            "security_rule.1930747903.direction": "Inbound",
                            "security_rule.1930747903.name": "NCPA",
                            "security_rule.1930747903.priority": "1009",
                            "security_rule.1930747903.protocol": "Tcp",
                            "security_rule.1930747903.source_address_prefix": "137.135.209.69",
                            "security_rule.1930747903.source_address_prefixes.#": "0",
                            "security_rule.1930747903.source_application_security_group_ids.#": "0",
                            "security_rule.1930747903.source_port_range": "*",
                            "security_rule.1930747903.source_port_ranges.#": "0",
                            "security_rule.2330326444.access": "Allow",
                            "security_rule.2330326444.description": "",
                            "security_rule.2330326444.destination_address_prefix": "*",
                            "security_rule.2330326444.destination_address_prefixes.#": "0",
                            "security_rule.2330326444.destination_application_security_group_ids.#": "0",
                            "security_rule.2330326444.destination_port_range": "80",
                            "security_rule.2330326444.destination_port_ranges.#": "0",
                            "security_rule.2330326444.direction": "Inbound",
                            "security_rule.2330326444.name": "http2",
                            "security_rule.2330326444.priority": "1005",
                            "security_rule.2330326444.protocol": "Tcp",
                            "security_rule.2330326444.source_address_prefix": "137.135.209.69",
                            "security_rule.2330326444.source_address_prefixes.#": "0",
                            "security_rule.2330326444.source_application_security_group_ids.#": "0",
                            "security_rule.2330326444.source_port_range": "*",
                            "security_rule.2330326444.source_port_ranges.#": "0",
                            "security_rule.244569445.access": "Allow",
                            "security_rule.244569445.description": "",
                            "security_rule.244569445.destination_address_prefix": "*",
                            "security_rule.244569445.destination_address_prefixes.#": "0",
                            "security_rule.244569445.destination_application_security_group_ids.#": "0",
                            "security_rule.244569445.destination_port_range": "80",
                            "security_rule.244569445.destination_port_ranges.#": "0",
                            "security_rule.244569445.direction": "Inbound",
                            "security_rule.244569445.name": "http",
                            "security_rule.244569445.priority": "1002",
                            "security_rule.244569445.protocol": "Tcp",
                            "security_rule.244569445.source_address_prefix": "195.1.42.70",
                            "security_rule.244569445.source_address_prefixes.#": "0",
                            "security_rule.244569445.source_application_security_group_ids.#": "0",
                            "security_rule.244569445.source_port_range": "*",
                            "security_rule.244569445.source_port_ranges.#": "0",
                            "security_rule.2471094149.access": "Allow",
                            "security_rule.2471094149.description": "",
                            "security_rule.2471094149.destination_address_prefix": "*",
                            "security_rule.2471094149.destination_address_prefixes.#": "0",
                            "security_rule.2471094149.destination_application_security_group_ids.#": "0",
                            "security_rule.2471094149.destination_port_range": "443",
                            "security_rule.2471094149.destination_port_ranges.#": "0",
                            "security_rule.2471094149.direction": "Inbound",
                            "security_rule.2471094149.name": "httpsProd",
                            "security_rule.2471094149.priority": "1011",
                            "security_rule.2471094149.protocol": "Tcp",
                            "security_rule.2471094149.source_address_prefix": "213.52.48.36",
                            "security_rule.2471094149.source_address_prefixes.#": "0",
                            "security_rule.2471094149.source_application_security_group_ids.#": "0",
                            "security_rule.2471094149.source_port_range": "*",
                            "security_rule.2471094149.source_port_ranges.#": "0",
                            "security_rule.2682789791.access": "Allow",
                            "security_rule.2682789791.description": "",
                            "security_rule.2682789791.destination_address_prefix": "*",
                            "security_rule.2682789791.destination_address_prefixes.#": "0",
                            "security_rule.2682789791.destination_application_security_group_ids.#": "0",
                            "security_rule.2682789791.destination_port_range": "5666",
                            "security_rule.2682789791.destination_port_ranges.#": "0",
                            "security_rule.2682789791.direction": "Inbound",
                            "security_rule.2682789791.name": "NSCA-Prod",
                            "security_rule.2682789791.priority": "1013",
                            "security_rule.2682789791.protocol": "Tcp",
                            "security_rule.2682789791.source_address_prefix": "213.52.48.36",
                            "security_rule.2682789791.source_address_prefixes.#": "0",
                            "security_rule.2682789791.source_application_security_group_ids.#": "0",
                            "security_rule.2682789791.source_port_range": "*",
                            "security_rule.2682789791.source_port_ranges.#": "0",
                            "security_rule.2762687192.access": "Allow",
                            "security_rule.2762687192.description": "",
                            "security_rule.2762687192.destination_address_prefix": "*",
                            "security_rule.2762687192.destination_address_prefixes.#": "0",
                            "security_rule.2762687192.destination_application_security_group_ids.#": "0",
                            "security_rule.2762687192.destination_port_range": "22",
                            "security_rule.2762687192.destination_port_ranges.#": "0",
                            "security_rule.2762687192.direction": "Inbound",
                            "security_rule.2762687192.name": "ssh",
                            "security_rule.2762687192.priority": "1001",
                            "security_rule.2762687192.protocol": "Tcp",
                            "security_rule.2762687192.source_address_prefix": "195.1.42.70",
                            "security_rule.2762687192.source_address_prefixes.#": "0",
                            "security_rule.2762687192.source_application_security_group_ids.#": "0",
                            "security_rule.2762687192.source_port_range": "*",
                            "security_rule.2762687192.source_port_ranges.#": "0",
                            "security_rule.3658045808.access": "Allow",
                            "security_rule.3658045808.description": "",
                            "security_rule.3658045808.destination_address_prefix": "*",
                            "security_rule.3658045808.destination_address_prefixes.#": "0",
                            "security_rule.3658045808.destination_application_security_group_ids.#": "0",
                            "security_rule.3658045808.destination_port_range": "5693",
                            "security_rule.3658045808.destination_port_ranges.#": "0",
                            "security_rule.3658045808.direction": "Inbound",
                            "security_rule.3658045808.name": "NCPA-Prod",
                            "security_rule.3658045808.priority": "1014",
                            "security_rule.3658045808.protocol": "Tcp",
                            "security_rule.3658045808.source_address_prefix": "213.52.48.36",
                            "security_rule.3658045808.source_address_prefixes.#": "0",
                            "security_rule.3658045808.source_application_security_group_ids.#": "0",
                            "security_rule.3658045808.source_port_range": "*",
                            "security_rule.3658045808.source_port_ranges.#": "0",
                            "security_rule.3835987070.access": "Allow",
                            "security_rule.3835987070.description": "",
                            "security_rule.3835987070.destination_address_prefix": "*",
                            "security_rule.3835987070.destination_address_prefixes.#": "0",
                            "security_rule.3835987070.destination_application_security_group_ids.#": "0",
                            "security_rule.3835987070.destination_port_range": "5666",
                            "security_rule.3835987070.destination_port_ranges.#": "0",
                            "security_rule.3835987070.direction": "Inbound",
                            "security_rule.3835987070.name": "NRPE-Prod",
                            "security_rule.3835987070.priority": "1012",
                            "security_rule.3835987070.protocol": "Tcp",
                            "security_rule.3835987070.source_address_prefix": "213.52.48.36",
                            "security_rule.3835987070.source_address_prefixes.#": "0",
                            "security_rule.3835987070.source_application_security_group_ids.#": "0",
                            "security_rule.3835987070.source_port_range": "*",
                            "security_rule.3835987070.source_port_ranges.#": "0",
                            "security_rule.4053352338.access": "Allow",
                            "security_rule.4053352338.description": "",
                            "security_rule.4053352338.destination_address_prefix": "*",
                            "security_rule.4053352338.destination_address_prefixes.#": "0",
                            "security_rule.4053352338.destination_application_security_group_ids.#": "0",
                            "security_rule.4053352338.destination_port_range": "443",
                            "security_rule.4053352338.destination_port_ranges.#": "0",
                            "security_rule.4053352338.direction": "Inbound",
                            "security_rule.4053352338.name": "https",
                            "security_rule.4053352338.priority": "1003",
                            "security_rule.4053352338.protocol": "Tcp",
                            "security_rule.4053352338.source_address_prefix": "*",
                            "security_rule.4053352338.source_address_prefixes.#": "0",
                            "security_rule.4053352338.source_application_security_group_ids.#": "0",
                            "security_rule.4053352338.source_port_range": "*",
                            "security_rule.4053352338.source_port_ranges.#": "0",
                            "security_rule.534846070.access": "Allow",
                            "security_rule.534846070.description": "",
                            "security_rule.534846070.destination_address_prefix": "*",
                            "security_rule.534846070.destination_address_prefixes.#": "0",
                            "security_rule.534846070.destination_application_security_group_ids.#": "0",
                            "security_rule.534846070.destination_port_range": "80",
                            "security_rule.534846070.destination_port_ranges.#": "0",
                            "security_rule.534846070.direction": "Inbound",
                            "security_rule.534846070.name": "httpProd",
                            "security_rule.534846070.priority": "1010",
                            "security_rule.534846070.protocol": "Tcp",
                            "security_rule.534846070.source_address_prefix": "213.52.48.36",
                            "security_rule.534846070.source_address_prefixes.#": "0",
                            "security_rule.534846070.source_application_security_group_ids.#": "0",
                            "security_rule.534846070.source_port_range": "*",
                            "security_rule.534846070.source_port_ranges.#": "0",
                            "security_rule.750455711.access": "Allow",
                            "security_rule.750455711.description": "",
                            "security_rule.750455711.destination_address_prefix": "*",
                            "security_rule.750455711.destination_address_prefixes.#": "0",
                            "security_rule.750455711.destination_application_security_group_ids.#": "0",
                            "security_rule.750455711.destination_port_range": "443",
                            "security_rule.750455711.destination_port_ranges.#": "0",
                            "security_rule.750455711.direction": "Inbound",
                            "security_rule.750455711.name": "https2",
                            "security_rule.750455711.priority": "1006",
                            "security_rule.750455711.protocol": "Tcp",
                            "security_rule.750455711.source_address_prefix": "137.135.209.69",
                            "security_rule.750455711.source_address_prefixes.#": "0",
                            "security_rule.750455711.source_application_security_group_ids.#": "0",
                            "security_rule.750455711.source_port_range": "*",
                            "security_rule.750455711.source_port_ranges.#": "0",
                            "tags.%": "1",
                            "tags.environment": "NAGIOS"
                        },
                        "meta": {},
                        "tainted": false
                    },
                    "deposed": [],
                    "provider": "provider.azurerm"
                },
                "azurerm_public_ip.nagios_publicip": {
                    "type": "azurerm_public_ip",
                    "depends_on": [
                        "azurerm_resource_group.nagios_resourcegroup"
                    ],
                    "primary": {
                        "id": "/subscriptions/4e8c7c9a-009f-4e4c-8124-dc7f55d3f1f5/resourceGroups/nagios_ResourceGroup/providers/Microsoft.Network/publicIPAddresses/nagios_PublicIP",
                        "attributes": {
                            "allocation_method": "Static",
                            "domain_name_label": "",
                            "fqdn": "nagios.northeurope.cloudapp.azure.com",
                            "id": "/subscriptions/4e8c7c9a-009f-4e4c-8124-dc7f55d3f1f5/resourceGroups/nagios_ResourceGroup/providers/Microsoft.Network/publicIPAddresses/nagios_PublicIP",
                            "idle_timeout_in_minutes": "4",
                            "ip_address": "104.41.208.128",
                            "ip_version": "IPv4",
                            "location": "northeurope",
                            "name": "nagios_PublicIP",
                            "public_ip_address_allocation": "Static",
                            "resource_group_name": "nagios_ResourceGroup",
                            "reverse_fqdn": "",
                            "sku": "Basic",
                            "tags.%": "1",
                            "tags.environment": "NAGIOS",
                            "zones.#": "0"
                        },
                        "meta": {},
                        "tainted": false
                    },
                    "deposed": [],
                    "provider": "provider.azurerm"
                },
                "azurerm_resource_group.nagios_resourcegroup": {
                    "type": "azurerm_resource_group",
                    "depends_on": [],
                    "primary": {
                        "id": "/subscriptions/4e8c7c9a-009f-4e4c-8124-dc7f55d3f1f5/resourceGroups/nagios_ResourceGroup",
                        "attributes": {
                            "id": "/subscriptions/4e8c7c9a-009f-4e4c-8124-dc7f55d3f1f5/resourceGroups/nagios_ResourceGroup",
                            "location": "northeurope",
                            "name": "nagios_ResourceGroup",
                            "tags.%": "1",
                            "tags.environment": "NAGIOS"
                        },
                        "meta": {},
                        "tainted": false
                    },
                    "deposed": [],
                    "provider": "provider.azurerm"
                },
                "azurerm_storage_account.nagios_storageaccount": {
                    "type": "azurerm_storage_account",
                    "depends_on": [
                        "azurerm_resource_group.nagios_resourcegroup",
                        "random_id.randomId"
                    ],
                    "primary": {
                        "id": "/subscriptions/4e8c7c9a-009f-4e4c-8124-dc7f55d3f1f5/resourceGroups/nagios_ResourceGroup/providers/Microsoft.Storage/storageAccounts/diag1b8ebefbaebb7c0b",
                        "attributes": {
                            "access_tier": "",
                            "account_encryption_source": "Microsoft.Storage",
                            "account_kind": "Storage",
                            "account_replication_type": "LRS",
                            "account_tier": "Standard",
                            "account_type": "Standard_LRS",
                            "enable_blob_encryption": "true",
                            "enable_file_encryption": "true",
                            "enable_https_traffic_only": "false",
                            "id": "/subscriptions/4e8c7c9a-009f-4e4c-8124-dc7f55d3f1f5/resourceGroups/nagios_ResourceGroup/providers/Microsoft.Storage/storageAccounts/diag1b8ebefbaebb7c0b",
                            "identity.#": "0",
                            "location": "northeurope",
                            "name": "diag1b8ebefbaebb7c0b",
                            "network_rules.#": "0",
                            "primary_access_key": "cnR1ZxMvoO93PKf0XJCfSeCfhvqG5GI25sHv8JgFb7HPbMdN6Z23ziVCcdHmiHfpaSercHjGXFYdNQMV0eWIRA==",
                            "primary_blob_connection_string": "DefaultEndpointsProtocol=https;BlobEndpoint=https://diag1b8ebefbaebb7c0b.blob.core.windows.net/;AccountName=diag1b8ebefbaebb7c0b;AccountKey=cnR1ZxMvoO93PKf0XJCfSeCfhvqG5GI25sHv8JgFb7HPbMdN6Z23ziVCcdHmiHfpaSercHjGXFYdNQMV0eWIRA==",
                            "primary_blob_endpoint": "https://diag1b8ebefbaebb7c0b.blob.core.windows.net/",
                            "primary_connection_string": "DefaultEndpointsProtocol=https;AccountName=diag1b8ebefbaebb7c0b;AccountKey=cnR1ZxMvoO93PKf0XJCfSeCfhvqG5GI25sHv8JgFb7HPbMdN6Z23ziVCcdHmiHfpaSercHjGXFYdNQMV0eWIRA==;EndpointSuffix=core.windows.net",
                            "primary_file_endpoint": "https://diag1b8ebefbaebb7c0b.file.core.windows.net/",
                            "primary_location": "northeurope",
                            "primary_queue_endpoint": "https://diag1b8ebefbaebb7c0b.queue.core.windows.net/",
                            "primary_table_endpoint": "https://diag1b8ebefbaebb7c0b.table.core.windows.net/",
                            "resource_group_name": "nagios_ResourceGroup",
                            "secondary_access_key": "QLnjQTvwmSyr5Rhdk2R0E2ucye+c/dMWPXUuZzI2jKfnl3V6qIoFy3LMcS0txFZe+JqEJTmpKMpJ+dvQKx0iNg==",
                            "secondary_connection_string": "DefaultEndpointsProtocol=https;AccountName=diag1b8ebefbaebb7c0b;AccountKey=QLnjQTvwmSyr5Rhdk2R0E2ucye+c/dMWPXUuZzI2jKfnl3V6qIoFy3LMcS0txFZe+JqEJTmpKMpJ+dvQKx0iNg==;EndpointSuffix=core.windows.net",
                            "secondary_location": "",
                            "tags.%": "1",
                            "tags.environment": "NAGIOS"
                        },
                        "meta": {
                            "schema_version": "2"
                        },
                        "tainted": false
                    },
                    "deposed": [],
                    "provider": "provider.azurerm"
                },
                "azurerm_subnet.nagios_subnet": {
                    "type": "azurerm_subnet",
                    "depends_on": [
                        "azurerm_resource_group.nagios_resourcegroup",
                        "azurerm_virtual_network.nagios_vnet"
                    ],
                    "primary": {
                        "id": "/subscriptions/4e8c7c9a-009f-4e4c-8124-dc7f55d3f1f5/resourceGroups/nagios_ResourceGroup/providers/Microsoft.Network/virtualNetworks/nagios_vnet/subnets/nagios_subnet",
                        "attributes": {
                            "address_prefix": "16.180.0.0/24",
                            "delegation.#": "0",
                            "id": "/subscriptions/4e8c7c9a-009f-4e4c-8124-dc7f55d3f1f5/resourceGroups/nagios_ResourceGroup/providers/Microsoft.Network/virtualNetworks/nagios_vnet/subnets/nagios_subnet",
                            "ip_configurations.#": "1",
                            "ip_configurations.858069676": "/subscriptions/4e8c7c9a-009f-4e4c-8124-dc7f55d3f1f5/resourceGroups/nagios_ResourceGroup/providers/Microsoft.Network/networkInterfaces/nagios_NIC/ipConfigurations/nagios_NICConfiguration",
                            "name": "nagios_subnet",
                            "network_security_group_id": "",
                            "resource_group_name": "nagios_ResourceGroup",
                            "route_table_id": "",
                            "service_endpoints.#": "0",
                            "virtual_network_name": "nagios_vnet"
                        },
                        "meta": {},
                        "tainted": false
                    },
                    "deposed": [],
                    "provider": "provider.azurerm"
                },
                "azurerm_virtual_machine.nagios": {
                    "type": "azurerm_virtual_machine",
                    "depends_on": [
                        "azurerm_network_interface.nagios_nic",
                        "azurerm_resource_group.nagios_resourcegroup",
                        "azurerm_storage_account.nagios_storageaccount"
                    ],
                    "primary": {
                        "id": "/subscriptions/4e8c7c9a-009f-4e4c-8124-dc7f55d3f1f5/resourceGroups/nagios_ResourceGroup/providers/Microsoft.Compute/virtualMachines/nagios",
                        "attributes": {
                            "boot_diagnostics.#": "1",
                            "boot_diagnostics.0.enabled": "true",
                            "boot_diagnostics.0.storage_uri": "https://diag1b8ebefbaebb7c0b.blob.core.windows.net/",
                            "delete_data_disks_on_termination": "true",
                            "delete_os_disk_on_termination": "true",
                            "id": "/subscriptions/4e8c7c9a-009f-4e4c-8124-dc7f55d3f1f5/resourceGroups/nagios_ResourceGroup/providers/Microsoft.Compute/virtualMachines/nagios",
                            "identity.#": "0",
                            "location": "northeurope",
                            "name": "nagios",
                            "network_interface_ids.#": "1",
                            "network_interface_ids.0": "/subscriptions/4e8c7c9a-009f-4e4c-8124-dc7f55d3f1f5/resourceGroups/nagios_ResourceGroup/providers/Microsoft.Network/networkInterfaces/nagios_NIC",
                            "os_profile.#": "1",
                            "os_profile.1750646837.admin_password": "",
                            "os_profile.1750646837.admin_username": "matmerkadmin",
                            "os_profile.1750646837.computer_name": "nagios",
                            "os_profile.1750646837.custom_data": "",
                            "os_profile_linux_config.#": "1",
                            "os_profile_linux_config.2972667452.disable_password_authentication": "false",
                            "os_profile_linux_config.2972667452.ssh_keys.#": "0",
                            "os_profile_secrets.#": "0",
                            "os_profile_windows_config.#": "0",
                            "plan.#": "0",
                            "resource_group_name": "nagios_ResourceGroup",
                            "storage_data_disk.#": "0",
                            "storage_image_reference.#": "1",
                            "storage_image_reference.2192167129.id": "",
                            "storage_image_reference.2192167129.offer": "RHEL",
                            "storage_image_reference.2192167129.publisher": "RedHat",
                            "storage_image_reference.2192167129.sku": "7.5",
                            "storage_image_reference.2192167129.version": "7.5.2018081519",
                            "storage_os_disk.#": "1",
                            "storage_os_disk.0.caching": "ReadWrite",
                            "storage_os_disk.0.create_option": "FromImage",
                            "storage_os_disk.0.disk_size_gb": "32",
                            "storage_os_disk.0.image_uri": "",
                            "storage_os_disk.0.managed_disk_id": "/subscriptions/4e8c7c9a-009f-4e4c-8124-dc7f55d3f1f5/resourceGroups/NAGIOS_RESOURCEGROUP/providers/Microsoft.Compute/disks/nagios_OsDisk",
                            "storage_os_disk.0.managed_disk_type": "Premium_LRS",
                            "storage_os_disk.0.name": "nagios_OsDisk",
                            "storage_os_disk.0.os_type": "Linux",
                            "storage_os_disk.0.vhd_uri": "",
                            "storage_os_disk.0.write_accelerator_enabled": "false",
                            "tags.%": "1",
                            "tags.environment": "NAGIOS",
                            "vm_size": "Standard_B2s",
                            "zones.#": "0"
                        },
                        "meta": {},
                        "tainted": false
                    },
                    "deposed": [],
                    "provider": "provider.azurerm"
                },
                "azurerm_virtual_network.nagios_vnet": {
                    "type": "azurerm_virtual_network",
                    "depends_on": [
                        "azurerm_resource_group.nagios_resourcegroup"
                    ],
                    "primary": {
                        "id": "/subscriptions/4e8c7c9a-009f-4e4c-8124-dc7f55d3f1f5/resourceGroups/nagios_ResourceGroup/providers/Microsoft.Network/virtualNetworks/nagios_vnet",
                        "attributes": {
                            "address_space.#": "1",
                            "address_space.0": "16.0.0.0/8",
                            "ddos_protection_plan.#": "0",
                            "dns_servers.#": "0",
                            "id": "/subscriptions/4e8c7c9a-009f-4e4c-8124-dc7f55d3f1f5/resourceGroups/nagios_ResourceGroup/providers/Microsoft.Network/virtualNetworks/nagios_vnet",
                            "location": "northeurope",
                            "name": "nagios_vnet",
                            "resource_group_name": "nagios_ResourceGroup",
                            "subnet.#": "1",
                            "subnet.1942718056.address_prefix": "16.180.0.0/24",
                            "subnet.1942718056.id": "/subscriptions/4e8c7c9a-009f-4e4c-8124-dc7f55d3f1f5/resourceGroups/nagios_ResourceGroup/providers/Microsoft.Network/virtualNetworks/nagios_vnet/subnets/nagios_subnet",
                            "subnet.1942718056.name": "nagios_subnet",
                            "subnet.1942718056.security_group": "",
                            "tags.%": "1",
                            "tags.environment": "NAGIOS"
                        },
                        "meta": {},
                        "tainted": false
                    },
                    "deposed": [],
                    "provider": "provider.azurerm"
                },
                "random_id.randomId": {
                    "type": "random_id",
                    "depends_on": [
                        "azurerm_resource_group.nagios_resourcegroup"
                    ],
                    "primary": {
                        "id": "G46--667fAs",
                        "attributes": {
                            "b64": "G46--667fAs",
                            "b64_std": "G46++667fAs=",
                            "b64_url": "G46--667fAs",
                            "byte_length": "8",
                            "dec": "1985734473894558731",
                            "hex": "1b8ebefbaebb7c0b",
                            "id": "G46--667fAs",
                            "keepers.%": "1",
                            "keepers.resource_group": "nagios_ResourceGroup"
                        },
                        "meta": {},
                        "tainted": false
                    },
                    "deposed": [],
                    "provider": "provider.random"
                }
            },
            "depends_on": []
        }
    ]
}
